
Microsoft Visual Studio Solution File, Format Version 12.00
# Visual Studio 15
VisualStudioVersion = 15.0.28010.2003
MinimumVisualStudioVersion = 10.0.40219.1
Project("{FAE04EC0-301F-11D3-BF4B-00C04F79EFBC}") = "BlueIrisBridge", "BlueIrisBridge\BlueIrisBridge.csproj", "{49F034F2-D0AD-4B0B-9C23-E0BF482AB94F}"
EndProject
Global
	GlobalSection(SolutionConfigurationPlatforms) = preSolution
		Debug|Any CPU = Debug|Any CPU
		Release|Any CPU = Release|Any CPU
	EndGlobalSection
	GlobalSection(ProjectConfigurationPlatforms) = postSolution
		{49F034F2-D0AD-4B0B-9C23-E0BF482AB94F}.Debug|Any CPU.ActiveCfg = Debug|Any CPU
		{49F034F2-D0AD-4B0B-9C23-E0BF482AB94F}.Debug|Any CPU.Build.0 = Debug|Any CPU
		{49F034F2-D0AD-4B0B-9C23-E0BF482AB94F}.Release|Any CPU.ActiveCfg = Release|Any CPU
		{49F034F2-D0AD-4B0B-9C23-E0BF482AB94F}.Release|Any CPU.Build.0 = Release|Any CPU
	EndGlobalSection
	GlobalSection(SolutionProperties) = preSolution
		HideSolutionNode = FALSE
	EndGlobalSection
	GlobalSection(ExtensibilityGlobals) = postSolution
		SolutionGuid = {1129E764-2232-4F89-9FF8-18185412070A}
	EndGlobalSection
EndGlobal
